
Microsoft Visual Studio Solution File, Format Version 12.00
# Visual Studio Version 17
VisualStudioVersion = 17.0.31903.59
MinimumVisualStudioVersion = 10.0.40219.1
Project("{2150E333-8FDC-42A3-9474-1A3956D46DE8}") = "Shared", "Shared", "{ACF78481-081A-4C28-A2AA-5404EBA9ED40}"
	ProjectSection(SolutionItems) = preProject
		.dockerignore = .dockerignore
		.editorconfig = .editorconfig
		Directory.Build.props = Directory.Build.props
		Directory.Packages.props = Directory.Packages.props
		Dockerfile = Dockerfile
	EndProjectSection
EndProject
Project("{9A19103F-16F7-4668-BE54-9A1E7A4F7556}") = "Fotos.Tests", "Fotos.Tests\Fotos.Tests.csproj", "{1F0290B5-F70C-4B38-8249-A485120E8533}"
EndProject
Project("{9A19103F-16F7-4668-BE54-9A1E7A4F7556}") = "Fotos.App", "Fotos.App\Fotos.App.csproj", "{896F1DB5-A593-4791-A26D-D9073FD8CCB5}"
EndProject
Project("{FAE04EC0-301F-11D3-BF4B-00C04F79EFBC}") = "Akc.Framework.Mediator", "Akc.Framework.Mediator\Akc.Framework.Mediator.csproj", "{660585A1-E4B7-4B78-A260-980D024AC5DA}"
EndProject
Project("{FAE04EC0-301F-11D3-BF4B-00C04F79EFBC}") = "Fotos.Adapters", "Fotos.Adapters\Fotos.Adapters.csproj", "{98D78300-02DD-4761-9B9A-3365FEB04702}"
EndProject
Project("{FAE04EC0-301F-11D3-BF4B-00C04F79EFBC}") = "Fotos.Application", "Fotos.Application\Fotos.Application.csproj", "{04299CEF-00A7-4EF6-A623-ACEA4568A965}"
EndProject
Project("{FAE04EC0-301F-11D3-BF4B-00C04F79EFBC}") = "Fotos.Core", "Fotos.Core\Fotos.Core.csproj", "{E70F7E3E-CB37-42ED-B46A-268813A042F6}"
EndProject
Global
	GlobalSection(SolutionConfigurationPlatforms) = preSolution
		Debug|Any CPU = Debug|Any CPU
		Release|Any CPU = Release|Any CPU
	EndGlobalSection
	GlobalSection(ProjectConfigurationPlatforms) = postSolution
		{1F0290B5-F70C-4B38-8249-A485120E8533}.Debug|Any CPU.ActiveCfg = Debug|Any CPU
		{1F0290B5-F70C-4B38-8249-A485120E8533}.Debug|Any CPU.Build.0 = Debug|Any CPU
		{1F0290B5-F70C-4B38-8249-A485120E8533}.Release|Any CPU.ActiveCfg = Release|Any CPU
		{1F0290B5-F70C-4B38-8249-A485120E8533}.Release|Any CPU.Build.0 = Release|Any CPU
		{896F1DB5-A593-4791-A26D-D9073FD8CCB5}.Debug|Any CPU.ActiveCfg = Debug|Any CPU
		{896F1DB5-A593-4791-A26D-D9073FD8CCB5}.Debug|Any CPU.Build.0 = Debug|Any CPU
		{896F1DB5-A593-4791-A26D-D9073FD8CCB5}.Release|Any CPU.ActiveCfg = Release|Any CPU
		{896F1DB5-A593-4791-A26D-D9073FD8CCB5}.Release|Any CPU.Build.0 = Release|Any CPU
		{660585A1-E4B7-4B78-A260-980D024AC5DA}.Debug|Any CPU.ActiveCfg = Debug|Any CPU
		{660585A1-E4B7-4B78-A260-980D024AC5DA}.Debug|Any CPU.Build.0 = Debug|Any CPU
		{660585A1-E4B7-4B78-A260-980D024AC5DA}.Release|Any CPU.ActiveCfg = Release|Any CPU
		{660585A1-E4B7-4B78-A260-980D024AC5DA}.Release|Any CPU.Build.0 = Release|Any CPU
		{98D78300-02DD-4761-9B9A-3365FEB04702}.Debug|Any CPU.ActiveCfg = Debug|Any CPU
		{98D78300-02DD-4761-9B9A-3365FEB04702}.Debug|Any CPU.Build.0 = Debug|Any CPU
		{98D78300-02DD-4761-9B9A-3365FEB04702}.Release|Any CPU.ActiveCfg = Release|Any CPU
		{98D78300-02DD-4761-9B9A-3365FEB04702}.Release|Any CPU.Build.0 = Release|Any CPU
		{04299CEF-00A7-4EF6-A623-ACEA4568A965}.Debug|Any CPU.ActiveCfg = Debug|Any CPU
		{04299CEF-00A7-4EF6-A623-ACEA4568A965}.Debug|Any CPU.Build.0 = Debug|Any CPU
		{04299CEF-00A7-4EF6-A623-ACEA4568A965}.Release|Any CPU.ActiveCfg = Release|Any CPU
		{04299CEF-00A7-4EF6-A623-ACEA4568A965}.Release|Any CPU.Build.0 = Release|Any CPU
		{E70F7E3E-CB37-42ED-B46A-268813A042F6}.Debug|Any CPU.ActiveCfg = Debug|Any CPU
		{E70F7E3E-CB37-42ED-B46A-268813A042F6}.Debug|Any CPU.Build.0 = Debug|Any CPU
		{E70F7E3E-CB37-42ED-B46A-268813A042F6}.Release|Any CPU.ActiveCfg = Release|Any CPU
		{E70F7E3E-CB37-42ED-B46A-268813A042F6}.Release|Any CPU.Build.0 = Release|Any CPU
	EndGlobalSection
	GlobalSection(SolutionProperties) = preSolution
		HideSolutionNode = FALSE
	EndGlobalSection
	GlobalSection(ExtensibilityGlobals) = postSolution
		SolutionGuid = {C329A32B-2F42-4B60-9FA9-27F9823516C5}
	EndGlobalSection
EndGlobal
